// !$*UTF8*$!
{
	archiveVersion = 1;
	classes = {
	};
	objectVersion = 46;
	objects = {

/* Begin PBXBuildFile section */
		06BA83696A51740328652A4D /* Pods_FoodPantryApplication.framework in Frameworks */ = {isa = PBXBuildFile; fileRef = 0566A35B7AF364380762456F /* Pods_FoodPantryApplication.framework */; };
		5325D1AA1FBE95220081278D /* CreateAccountView.swift in Sources */ = {isa = PBXBuildFile; fileRef = 5325D1A91FBE95220081278D /* CreateAccountView.swift */; };
		5325D1CE1FC283BC0081278D /* PantrySelection.swift in Sources */ = {isa = PBXBuildFile; fileRef = 5325D1CD1FC283BC0081278D /* PantrySelection.swift */; };
		53536EA51FC4F2E600177651 /* postItemsToFirebase.swift in Sources */ = {isa = PBXBuildFile; fileRef = 53536EA41FC4F2E600177651 /* postItemsToFirebase.swift */; };
		535F08F51FCA882B0083B86A /* Alamofire.framework in Frameworks */ = {isa = PBXBuildFile; fileRef = 535F08F61FCA882B0083B86A /* Alamofire.framework */; };
		5380C54D1FC3D641001F4909 /* InventoryPage.swift in Sources */ = {isa = PBXBuildFile; fileRef = 5380C54C1FC3D641001F4909 /* InventoryPage.swift */; };
		53D13F031FBE7D8000441943 /* AppDelegate.swift in Sources */ = {isa = PBXBuildFile; fileRef = 53D13F021FBE7D8000441943 /* AppDelegate.swift */; };
		53D13F051FBE7D8000441943 /* LoginView.swift in Sources */ = {isa = PBXBuildFile; fileRef = 53D13F041FBE7D8000441943 /* LoginView.swift */; };
		53D13F081FBE7D8000441943 /* Main.storyboard in Resources */ = {isa = PBXBuildFile; fileRef = 53D13F061FBE7D8000441943 /* Main.storyboard */; };
		53D13F0A1FBE7D8000441943 /* Assets.xcassets in Resources */ = {isa = PBXBuildFile; fileRef = 53D13F091FBE7D8000441943 /* Assets.xcassets */; };
		53D13F0D1FBE7D8000441943 /* LaunchScreen.storyboard in Resources */ = {isa = PBXBuildFile; fileRef = 53D13F0B1FBE7D8000441943 /* LaunchScreen.storyboard */; };
		53E259DC1FD4FA8C00F13FE2 /* AddInventoryManually.swift in Sources */ = {isa = PBXBuildFile; fileRef = 53E259DB1FD4FA8C00F13FE2 /* AddInventoryManually.swift */; };
		53EBA0B91FC4EFBB00C57DB4 /* BarcodeReading.swift in Sources */ = {isa = PBXBuildFile; fileRef = 53EBA0B81FC4EFBB00C57DB4 /* BarcodeReading.swift */; };
		53EEAF541FCA77F7000E533B /* InventoryPageTableViewCell.swift in Sources */ = {isa = PBXBuildFile; fileRef = 53EEAF531FCA77F7000E533B /* InventoryPageTableViewCell.swift */; };
		53F2BCF01FBE87F700FB3256 /* GoogleToolboxForMac.framework in Frameworks */ = {isa = PBXBuildFile; fileRef = 53F2BCEF1FBE87F700FB3256 /* GoogleToolboxForMac.framework */; };
		53F2BCF21FBE87FB00FB3256 /* GTMSessionFetcher.framework in Frameworks */ = {isa = PBXBuildFile; fileRef = 53F2BCF11FBE87FB00FB3256 /* GTMSessionFetcher.framework */; };
		53F2BCF41FBE87FE00FB3256 /* nanopb.framework in Frameworks */ = {isa = PBXBuildFile; fileRef = 53F2BCF31FBE87FE00FB3256 /* nanopb.framework */; };
		53F2BCF61FBE890200FB3256 /* GoogleService-Info.plist in Resources */ = {isa = PBXBuildFile; fileRef = 53F2BCF51FBE890200FB3256 /* GoogleService-Info.plist */; };
		53FCA31A1FCB61E4006FF820 /* GoogleUser.swift in Sources */ = {isa = PBXBuildFile; fileRef = 53FCA3191FCB61E4006FF820 /* GoogleUser.swift */; };
/* End PBXBuildFile section */

/* Begin PBXFileReference section */
		0566A35B7AF364380762456F /* Pods_FoodPantryApplication.framework */ = {isa = PBXFileReference; explicitFileType = wrapper.framework; includeInIndex = 0; path = Pods_FoodPantryApplication.framework; sourceTree = BUILT_PRODUCTS_DIR; };
		2D01043683D445A60CD4F8E9 /* Pods-FoodPantryApplication.release.xcconfig */ = {isa = PBXFileReference; includeInIndex = 1; lastKnownFileType = text.xcconfig; name = "Pods-FoodPantryApplication.release.xcconfig"; path = "Pods/Target Support Files/Pods-FoodPantryApplication/Pods-FoodPantryApplication.release.xcconfig"; sourceTree = "<group>"; };
		5325D1A91FBE95220081278D /* CreateAccountView.swift */ = {isa = PBXFileReference; lastKnownFileType = sourcecode.swift; path = CreateAccountView.swift; sourceTree = "<group>"; };
		5325D1CD1FC283BC0081278D /* PantrySelection.swift */ = {isa = PBXFileReference; lastKnownFileType = sourcecode.swift; path = PantrySelection.swift; sourceTree = "<group>"; };
		53536EA41FC4F2E600177651 /* postItemsToFirebase.swift */ = {isa = PBXFileReference; fileEncoding = 4; lastKnownFileType = sourcecode.swift; path = postItemsToFirebase.swift; sourceTree = "<group>"; };
		535F08F41FCA875D0083B86A /* Alamofire.framework */ = {isa = PBXFileReference; explicitFileType = wrapper.framework; path = Alamofire.framework; sourceTree = BUILT_PRODUCTS_DIR; };
		535F08F61FCA882B0083B86A /* Alamofire.framework */ = {isa = PBXFileReference; explicitFileType = wrapper.framework; path = Alamofire.framework; sourceTree = BUILT_PRODUCTS_DIR; };
		5380C54C1FC3D641001F4909 /* InventoryPage.swift */ = {isa = PBXFileReference; lastKnownFileType = sourcecode.swift; path = InventoryPage.swift; sourceTree = "<group>"; };
		53D13EFF1FBE7D8000441943 /* FoodPantryApplication.app */ = {isa = PBXFileReference; explicitFileType = wrapper.application; includeInIndex = 0; path = FoodPantryApplication.app; sourceTree = BUILT_PRODUCTS_DIR; };
		53D13F021FBE7D8000441943 /* AppDelegate.swift */ = {isa = PBXFileReference; lastKnownFileType = sourcecode.swift; path = AppDelegate.swift; sourceTree = "<group>"; };
		53D13F041FBE7D8000441943 /* LoginView.swift */ = {isa = PBXFileReference; lastKnownFileType = sourcecode.swift; path = LoginView.swift; sourceTree = "<group>"; };
		53D13F071FBE7D8000441943 /* Base */ = {isa = PBXFileReference; lastKnownFileType = file.storyboard; name = Base; path = Base.lproj/Main.storyboard; sourceTree = "<group>"; };
		53D13F091FBE7D8000441943 /* Assets.xcassets */ = {isa = PBXFileReference; lastKnownFileType = folder.assetcatalog; path = Assets.xcassets; sourceTree = "<group>"; };
		53D13F0C1FBE7D8000441943 /* Base */ = {isa = PBXFileReference; lastKnownFileType = file.storyboard; name = Base; path = Base.lproj/LaunchScreen.storyboard; sourceTree = "<group>"; };
		53D13F0E1FBE7D8000441943 /* Info.plist */ = {isa = PBXFileReference; lastKnownFileType = text.plist.xml; path = Info.plist; sourceTree = "<group>"; };
		53E259DB1FD4FA8C00F13FE2 /* AddInventoryManually.swift */ = {isa = PBXFileReference; lastKnownFileType = sourcecode.swift; path = AddInventoryManually.swift; sourceTree = "<group>"; };
		53EBA0B81FC4EFBB00C57DB4 /* BarcodeReading.swift */ = {isa = PBXFileReference; lastKnownFileType = sourcecode.swift; path = BarcodeReading.swift; sourceTree = "<group>"; };
		53EEAF531FCA77F7000E533B /* InventoryPageTableViewCell.swift */ = {isa = PBXFileReference; lastKnownFileType = sourcecode.swift; path = InventoryPageTableViewCell.swift; sourceTree = "<group>"; };
		53F2BCEF1FBE87F700FB3256 /* GoogleToolboxForMac.framework */ = {isa = PBXFileReference; lastKnownFileType = wrapper.framework; name = GoogleToolboxForMac.framework; path = "../../../Library/Developer/Xcode/DerivedData/FoodPantryApplication-azuqobogzujpxqgblmatwevcckzl/Build/Products/Debug-iphonesimulator/GoogleToolboxForMac/GoogleToolboxForMac.framework"; sourceTree = "<group>"; };
		53F2BCF11FBE87FB00FB3256 /* GTMSessionFetcher.framework */ = {isa = PBXFileReference; lastKnownFileType = wrapper.framework; name = GTMSessionFetcher.framework; path = "../../../Library/Developer/Xcode/DerivedData/FoodPantryApplication-azuqobogzujpxqgblmatwevcckzl/Build/Products/Debug-iphonesimulator/GTMSessionFetcher/GTMSessionFetcher.framework"; sourceTree = "<group>"; };
		53F2BCF31FBE87FE00FB3256 /* nanopb.framework */ = {isa = PBXFileReference; lastKnownFileType = wrapper.framework; name = nanopb.framework; path = "../../../Library/Developer/Xcode/DerivedData/FoodPantryApplication-azuqobogzujpxqgblmatwevcckzl/Build/Products/Debug-iphonesimulator/nanopb/nanopb.framework"; sourceTree = "<group>"; };
		53F2BCF51FBE890200FB3256 /* GoogleService-Info.plist */ = {isa = PBXFileReference; fileEncoding = 4; lastKnownFileType = text.plist.xml; name = "GoogleService-Info.plist"; path = "../../../../Downloads/GoogleService-Info.plist"; sourceTree = "<group>"; };
		53FCA3191FCB61E4006FF820 /* GoogleUser.swift */ = {isa = PBXFileReference; lastKnownFileType = sourcecode.swift; path = GoogleUser.swift; sourceTree = "<group>"; };
		96515576D8FF9D3178BBDF67 /* Pods-FoodPantryApplication.debug.xcconfig */ = {isa = PBXFileReference; includeInIndex = 1; lastKnownFileType = text.xcconfig; name = "Pods-FoodPantryApplication.debug.xcconfig"; path = "Pods/Target Support Files/Pods-FoodPantryApplication/Pods-FoodPantryApplication.debug.xcconfig"; sourceTree = "<group>"; };
/* End PBXFileReference section */

/* Begin PBXFrameworksBuildPhase section */
		53D13EFC1FBE7D8000441943 /* Frameworks */ = {
			isa = PBXFrameworksBuildPhase;
			buildActionMask = 2147483647;
			files = (
				535F08F51FCA882B0083B86A /* Alamofire.framework in Frameworks */,
				53F2BCF41FBE87FE00FB3256 /* nanopb.framework in Frameworks */,
				53F2BCF21FBE87FB00FB3256 /* GTMSessionFetcher.framework in Frameworks */,
				53F2BCF01FBE87F700FB3256 /* GoogleToolboxForMac.framework in Frameworks */,
				06BA83696A51740328652A4D /* Pods_FoodPantryApplication.framework in Frameworks */,
			);
			runOnlyForDeploymentPostprocessing = 0;
		};
/* End PBXFrameworksBuildPhase section */

/* Begin PBXGroup section */
		53D13EF61FBE7D8000441943 = {
			isa = PBXGroup;
			children = (
				53D13F011FBE7D8000441943 /* FoodPantryApplication */,
				53D13F001FBE7D8000441943 /* Products */,
				9AAE59BA80AF94B94A78CB00 /* Pods */,
				E6E51917521D70236451CFC4 /* Frameworks */,
			);
			sourceTree = "<group>";
		};
		53D13F001FBE7D8000441943 /* Products */ = {
			isa = PBXGroup;
			children = (
				53D13EFF1FBE7D8000441943 /* FoodPantryApplication.app */,
			);
			name = Products;
			sourceTree = "<group>";
		};
		53D13F011FBE7D8000441943 /* FoodPantryApplication */ = {
			isa = PBXGroup;
			children = (
				53D13F021FBE7D8000441943 /* AppDelegate.swift */,
				53FCA3191FCB61E4006FF820 /* GoogleUser.swift */,
				53D13F041FBE7D8000441943 /* LoginView.swift */,
				53D13F061FBE7D8000441943 /* Main.storyboard */,
				53E259DB1FD4FA8C00F13FE2 /* AddInventoryManually.swift */,
				5380C54C1FC3D641001F4909 /* InventoryPage.swift */,
				53EEAF531FCA77F7000E533B /* InventoryPageTableViewCell.swift */,
				5325D1CD1FC283BC0081278D /* PantrySelection.swift */,
				53536EA41FC4F2E600177651 /* postItemsToFirebase.swift */,
				53EBA0B81FC4EFBB00C57DB4 /* BarcodeReading.swift */,
				5325D1A91FBE95220081278D /* CreateAccountView.swift */,
				53D13F091FBE7D8000441943 /* Assets.xcassets */,
				53D13F0B1FBE7D8000441943 /* LaunchScreen.storyboard */,
				53D13F0E1FBE7D8000441943 /* Info.plist */,
				53F2BCF51FBE890200FB3256 /* GoogleService-Info.plist */,
			);
			path = FoodPantryApplication;
			sourceTree = "<group>";
		};
		9AAE59BA80AF94B94A78CB00 /* Pods */ = {
			isa = PBXGroup;
			children = (
				96515576D8FF9D3178BBDF67 /* Pods-FoodPantryApplication.debug.xcconfig */,
				2D01043683D445A60CD4F8E9 /* Pods-FoodPantryApplication.release.xcconfig */,
			);
			name = Pods;
			sourceTree = "<group>";
		};
		E6E51917521D70236451CFC4 /* Frameworks */ = {
			isa = PBXGroup;
			children = (
				535F08F61FCA882B0083B86A /* Alamofire.framework */,
				535F08F41FCA875D0083B86A /* Alamofire.framework */,
				53F2BCF31FBE87FE00FB3256 /* nanopb.framework */,
				53F2BCF11FBE87FB00FB3256 /* GTMSessionFetcher.framework */,
				53F2BCEF1FBE87F700FB3256 /* GoogleToolboxForMac.framework */,
				0566A35B7AF364380762456F /* Pods_FoodPantryApplication.framework */,
			);
			name = Frameworks;
			sourceTree = "<group>";
		};
/* End PBXGroup section */

/* Begin PBXNativeTarget section */
		53D13EFE1FBE7D8000441943 /* FoodPantryApplication */ = {
			isa = PBXNativeTarget;
			buildConfigurationList = 53D13F111FBE7D8000441943 /* Build configuration list for PBXNativeTarget "FoodPantryApplication" */;
			buildPhases = (
				E37201C114DCA65F7EAA878E /* [CP] Check Pods Manifest.lock */,
				53D13EFB1FBE7D8000441943 /* Sources */,
				53D13EFC1FBE7D8000441943 /* Frameworks */,
				53D13EFD1FBE7D8000441943 /* Resources */,
				BB6A660C2CE9B12925B3AE2C /* [CP] Embed Pods Frameworks */,
				6DAC19E838A111AA2251EB37 /* [CP] Copy Pods Resources */,
			);
			buildRules = (
			);
			dependencies = (
			);
			name = FoodPantryApplication;
			productName = FoodPantryApplication;
			productReference = 53D13EFF1FBE7D8000441943 /* FoodPantryApplication.app */;
			productType = "com.apple.product-type.application";
		};
/* End PBXNativeTarget section */

/* Begin PBXProject section */
		53D13EF71FBE7D8000441943 /* Project object */ = {
			isa = PBXProject;
			attributes = {
				LastSwiftUpdateCheck = 0830;
				LastUpgradeCheck = 0910;
				ORGANIZATIONNAME = "Brandon Bigelow";
				TargetAttributes = {
					53D13EFE1FBE7D8000441943 = {
						CreatedOnToolsVersion = 8.3.3;
						DevelopmentTeam = U63Z25TF3E;
						LastSwiftMigration = 0910;
						ProvisioningStyle = Automatic;
					};
				};
			};
			buildConfigurationList = 53D13EFA1FBE7D8000441943 /* Build configuration list for PBXProject "FoodPantryApplication" */;
			compatibilityVersion = "Xcode 3.2";
			developmentRegion = English;
			hasScannedForEncodings = 0;
			knownRegions = (
				en,
				Base,
			);
			mainGroup = 53D13EF61FBE7D8000441943;
			productRefGroup = 53D13F001FBE7D8000441943 /* Products */;
			projectDirPath = "";
			projectRoot = "";
			targets = (
				53D13EFE1FBE7D8000441943 /* FoodPantryApplication */,
			);
		};
/* End PBXProject section */

/* Begin PBXResourcesBuildPhase section */
		53D13EFD1FBE7D8000441943 /* Resources */ = {
			isa = PBXResourcesBuildPhase;
			buildActionMask = 2147483647;
			files = (
				53D13F0D1FBE7D8000441943 /* LaunchScreen.storyboard in Resources */,
				53F2BCF61FBE890200FB3256 /* GoogleService-Info.plist in Resources */,
				53D13F0A1FBE7D8000441943 /* Assets.xcassets in Resources */,
				53D13F081FBE7D8000441943 /* Main.storyboard in Resources */,
			);
			runOnlyForDeploymentPostprocessing = 0;
		};
/* End PBXResourcesBuildPhase section */

/* Begin PBXShellScriptBuildPhase section */
		6DAC19E838A111AA2251EB37 /* [CP] Copy Pods Resources */ = {
			isa = PBXShellScriptBuildPhase;
			buildActionMask = 2147483647;
			files = (
			);
			inputPaths = (
				"${SRCROOT}/Pods/Target Support Files/Pods-FoodPantryApplication/Pods-FoodPantryApplication-resources.sh",
				"${PODS_ROOT}/GoogleSignIn/Resources/GoogleSignIn.bundle",
			);
			name = "[CP] Copy Pods Resources";
			outputPaths = (
				"${TARGET_BUILD_DIR}/${UNLOCALIZED_RESOURCES_FOLDER_PATH}",
			);
			runOnlyForDeploymentPostprocessing = 0;
			shellPath = /bin/sh;
			shellScript = "\"${SRCROOT}/Pods/Target Support Files/Pods-FoodPantryApplication/Pods-FoodPantryApplication-resources.sh\"\n";
			showEnvVarsInLog = 0;
		};
		BB6A660C2CE9B12925B3AE2C /* [CP] Embed Pods Frameworks */ = {
			isa = PBXShellScriptBuildPhase;
			buildActionMask = 2147483647;
			files = (
			);
			inputPaths = (
				"${SRCROOT}/Pods/Target Support Files/Pods-FoodPantryApplication/Pods-FoodPantryApplication-frameworks.sh",
				"${BUILT_PRODUCTS_DIR}/Alamofire/Alamofire.framework",
				"${BUILT_PRODUCTS_DIR}/GTMOAuth2/GTMOAuth2.framework",
				"${BUILT_PRODUCTS_DIR}/GTMSessionFetcher/GTMSessionFetcher.framework",
				"${BUILT_PRODUCTS_DIR}/GoogleToolboxForMac/GoogleToolboxForMac.framework",
				"${BUILT_PRODUCTS_DIR}/leveldb-library/leveldb.framework",
				"${BUILT_PRODUCTS_DIR}/nanopb/nanopb.framework",
			);
			name = "[CP] Embed Pods Frameworks";
			outputPaths = (
				"${TARGET_BUILD_DIR}/${FRAMEWORKS_FOLDER_PATH}/Alamofire.framework",
				"${TARGET_BUILD_DIR}/${FRAMEWORKS_FOLDER_PATH}/GTMOAuth2.framework",
				"${TARGET_BUILD_DIR}/${FRAMEWORKS_FOLDER_PATH}/GTMSessionFetcher.framework",
				"${TARGET_BUILD_DIR}/${FRAMEWORKS_FOLDER_PATH}/GoogleToolboxForMac.framework",
				"${TARGET_BUILD_DIR}/${FRAMEWORKS_FOLDER_PATH}/leveldb.framework",
				"${TARGET_BUILD_DIR}/${FRAMEWORKS_FOLDER_PATH}/nanopb.framework",
			);
			runOnlyForDeploymentPostprocessing = 0;
			shellPath = /bin/sh;
			shellScript = "\"${SRCROOT}/Pods/Target Support Files/Pods-FoodPantryApplication/Pods-FoodPantryApplication-frameworks.sh\"\n";
			showEnvVarsInLog = 0;
		};
		E37201C114DCA65F7EAA878E /* [CP] Check Pods Manifest.lock */ = {
			isa = PBXShellScriptBuildPhase;
			buildActionMask = 2147483647;
			files = (
			);
			inputPaths = (
				"${PODS_PODFILE_DIR_PATH}/Podfile.lock",
				"${PODS_ROOT}/Manifest.lock",
			);
			name = "[CP] Check Pods Manifest.lock";
			outputPaths = (
				"$(DERIVED_FILE_DIR)/Pods-FoodPantryApplication-checkManifestLockResult.txt",
			);
			runOnlyForDeploymentPostprocessing = 0;
			shellPath = /bin/sh;
			shellScript = "diff \"${PODS_PODFILE_DIR_PATH}/Podfile.lock\" \"${PODS_ROOT}/Manifest.lock\" > /dev/null\nif [ $? != 0 ] ; then\n    # print error to STDERR\n    echo \"error: The sandbox is not in sync with the Podfile.lock. Run 'pod install' or update your CocoaPods installation.\" >&2\n    exit 1\nfi\n# This output is used by Xcode 'outputs' to avoid re-running this script phase.\necho \"SUCCESS\" > \"${SCRIPT_OUTPUT_FILE_0}\"\n";
			showEnvVarsInLog = 0;
		};
/* End PBXShellScriptBuildPhase section */

/* Begin PBXSourcesBuildPhase section */
		53D13EFB1FBE7D8000441943 /* Sources */ = {
			isa = PBXSourcesBuildPhase;
			buildActionMask = 2147483647;
			files = (
				53FCA31A1FCB61E4006FF820 /* GoogleUser.swift in Sources */,
				53536EA51FC4F2E600177651 /* postItemsToFirebase.swift in Sources */,
				5325D1AA1FBE95220081278D /* CreateAccountView.swift in Sources */,
				53EEAF541FCA77F7000E533B /* InventoryPageTableViewCell.swift in Sources */,
				5380C54D1FC3D641001F4909 /* InventoryPage.swift in Sources */,
				5325D1CE1FC283BC0081278D /* PantrySelection.swift in Sources */,
				53D13F051FBE7D8000441943 /* LoginView.swift in Sources */,
				53E259DC1FD4FA8C00F13FE2 /* AddInventoryManually.swift in Sources */,
				53D13F031FBE7D8000441943 /* AppDelegate.swift in Sources */,
				53EBA0B91FC4EFBB00C57DB4 /* BarcodeReading.swift in Sources */,
			);
			runOnlyForDeploymentPostprocessing = 0;
		};
/* End PBXSourcesBuildPhase section */

/* Begin PBXVariantGroup section */
		53D13F061FBE7D8000441943 /* Main.storyboard */ = {
			isa = PBXVariantGroup;
			children = (
				53D13F071FBE7D8000441943 /* Base */,
			);
			name = Main.storyboard;
			sourceTree = "<group>";
		};
		53D13F0B1FBE7D8000441943 /* LaunchScreen.storyboard */ = {
			isa = PBXVariantGroup;
			children = (
				53D13F0C1FBE7D8000441943 /* Base */,
			);
			name = LaunchScreen.storyboard;
			sourceTree = "<group>";
		};
/* End PBXVariantGroup section */

/* Begin XCBuildConfiguration section */
		53D13F0F1FBE7D8000441943 /* Debug */ = {
			isa = XCBuildConfiguration;
			buildSettings = {
				ALWAYS_SEARCH_USER_PATHS = NO;
				CLANG_ANALYZER_NONNULL = YES;
				CLANG_ANALYZER_NUMBER_OBJECT_CONVERSION = YES_AGGRESSIVE;
				CLANG_CXX_LANGUAGE_STANDARD = "gnu++0x";
				CLANG_CXX_LIBRARY = "libc++";
				CLANG_ENABLE_MODULES = YES;
				CLANG_ENABLE_OBJC_ARC = YES;
				CLANG_WARN_BLOCK_CAPTURE_AUTORELEASING = YES;
				CLANG_WARN_BOOL_CONVERSION = YES;
				CLANG_WARN_COMMA = YES;
				CLANG_WARN_CONSTANT_CONVERSION = YES;
				CLANG_WARN_DIRECT_OBJC_ISA_USAGE = YES_ERROR;
				CLANG_WARN_DOCUMENTATION_COMMENTS = YES;
				CLANG_WARN_EMPTY_BODY = YES;
				CLANG_WARN_ENUM_CONVERSION = YES;
				CLANG_WARN_INFINITE_RECURSION = YES;
				CLANG_WARN_INT_CONVERSION = YES;
				CLANG_WARN_NON_LITERAL_NULL_CONVERSION = YES;
				CLANG_WARN_OBJC_LITERAL_CONVERSION = YES;
				CLANG_WARN_OBJC_ROOT_CLASS = YES_ERROR;
				CLANG_WARN_RANGE_LOOP_ANALYSIS = YES;
				CLANG_WARN_STRICT_PROTOTYPES = YES;
				CLANG_WARN_SUSPICIOUS_MOVE = YES;
				CLANG_WARN_UNREACHABLE_CODE = YES;
				CLANG_WARN__DUPLICATE_METHOD_MATCH = YES;
				"CODE_SIGN_IDENTITY[sdk=iphoneos*]" = "iPhone Developer";
				COPY_PHASE_STRIP = NO;
				DEBUG_INFORMATION_FORMAT = dwarf;
				ENABLE_STRICT_OBJC_MSGSEND = YES;
				ENABLE_TESTABILITY = YES;
				GCC_C_LANGUAGE_STANDARD = gnu99;
				GCC_DYNAMIC_NO_PIC = NO;
				GCC_NO_COMMON_BLOCKS = YES;
				GCC_OPTIMIZATION_LEVEL = 0;
				GCC_PREPROCESSOR_DEFINITIONS = (
					"DEBUG=1",
					"$(inherited)",
				);
				GCC_WARN_64_TO_32_BIT_CONVERSION = YES;
				GCC_WARN_ABOUT_RETURN_TYPE = YES_ERROR;
				GCC_WARN_UNDECLARED_SELECTOR = YES;
				GCC_WARN_UNINITIALIZED_AUTOS = YES_AGGRESSIVE;
				GCC_WARN_UNUSED_FUNCTION = YES;
				GCC_WARN_UNUSED_VARIABLE = YES;
				IPHONEOS_DEPLOYMENT_TARGET = 10.3;
				MTL_ENABLE_DEBUG_INFO = YES;
				ONLY_ACTIVE_ARCH = YES;
				SDKROOT = iphoneos;
				SWIFT_ACTIVE_COMPILATION_CONDITIONS = DEBUG;
				SWIFT_OPTIMIZATION_LEVEL = "-Onone";
			};
			name = Debug;
		};
		53D13F101FBE7D8000441943 /* Release */ = {
			isa = XCBuildConfiguration;
			buildSettings = {
				ALWAYS_SEARCH_USER_PATHS = NO;
				CLANG_ANALYZER_NONNULL = YES;
				CLANG_ANALYZER_NUMBER_OBJECT_CONVERSION = YES_AGGRESSIVE;
				CLANG_CXX_LANGUAGE_STANDARD = "gnu++0x";
				CLANG_CXX_LIBRARY = "libc++";
				CLANG_ENABLE_MODULES = YES;
				CLANG_ENABLE_OBJC_ARC = YES;
				CLANG_WARN_BLOCK_CAPTURE_AUTORELEASING = YES;
				CLANG_WARN_BOOL_CONVERSION = YES;
				CLANG_WARN_COMMA = YES;
				CLANG_WARN_CONSTANT_CONVERSION = YES;
				CLANG_WARN_DIRECT_OBJC_ISA_USAGE = YES_ERROR;
				CLANG_WARN_DOCUMENTATION_COMMENTS = YES;
				CLANG_WARN_EMPTY_BODY = YES;
				CLANG_WARN_ENUM_CONVERSION = YES;
				CLANG_WARN_INFINITE_RECURSION = YES;
				CLANG_WARN_INT_CONVERSION = YES;
				CLANG_WARN_NON_LITERAL_NULL_CONVERSION = YES;
				CLANG_WARN_OBJC_LITERAL_CONVERSION = YES;
				CLANG_WARN_OBJC_ROOT_CLASS = YES_ERROR;
				CLANG_WARN_RANGE_LOOP_ANALYSIS = YES;
				CLANG_WARN_STRICT_PROTOTYPES = YES;
				CLANG_WARN_SUSPICIOUS_MOVE = YES;
				CLANG_WARN_UNREACHABLE_CODE = YES;
				CLANG_WARN__DUPLICATE_METHOD_MATCH = YES;
				"CODE_SIGN_IDENTITY[sdk=iphoneos*]" = "iPhone Developer";
				COPY_PHASE_STRIP = NO;
				DEBUG_INFORMATION_FORMAT = "dwarf-with-dsym";
				ENABLE_NS_ASSERTIONS = NO;
				ENABLE_STRICT_OBJC_MSGSEND = YES;
				GCC_C_LANGUAGE_STANDARD = gnu99;
				GCC_NO_COMMON_BLOCKS = YES;
				GCC_WARN_64_TO_32_BIT_CONVERSION = YES;
				GCC_WARN_ABOUT_RETURN_TYPE = YES_ERROR;
				GCC_WARN_UNDECLARED_SELECTOR = YES;
				GCC_WARN_UNINITIALIZED_AUTOS = YES_AGGRESSIVE;
				GCC_WARN_UNUSED_FUNCTION = YES;
				GCC_WARN_UNUSED_VARIABLE = YES;
				IPHONEOS_DEPLOYMENT_TARGET = 10.3;
				MTL_ENABLE_DEBUG_INFO = NO;
				SDKROOT = iphoneos;
				SWIFT_OPTIMIZATION_LEVEL = "-Owholemodule";
				VALIDATE_PRODUCT = YES;
			};
			name = Release;
		};
		53D13F121FBE7D8000441943 /* Debug */ = {
			isa = XCBuildConfiguration;
			baseConfigurationReference = 96515576D8FF9D3178BBDF67 /* Pods-FoodPantryApplication.debug.xcconfig */;
			buildSettings = {
				ASSETCATALOG_COMPILER_APPICON_NAME = AppIcon;
				DEVELOPMENT_TEAM = U63Z25TF3E;
				INFOPLIST_FILE = FoodPantryApplication/Info.plist;
				LD_RUNPATH_SEARCH_PATHS = "$(inherited) @executable_path/Frameworks";
				PRODUCT_BUNDLE_IDENTIFIER = com.BrandonBigelow.FoodPantryApplication;
				PRODUCT_NAME = "$(TARGET_NAME)";
				SWIFT_SWIFT3_OBJC_INFERENCE = Default;
				SWIFT_VERSION = 4.0;
			};
			name = Debug;
		};
		53D13F131FBE7D8000441943 /* Release */ = {
			isa = XCBuildConfiguration;
			baseConfigurationReference = 2D01043683D445A60CD4F8E9 /* Pods-FoodPantryApplication.release.xcconfig */;
			buildSettings = {
				ASSETCATALOG_COMPILER_APPICON_NAME = AppIcon;
				DEVELOPMENT_TEAM = U63Z25TF3E;
				INFOPLIST_FILE = FoodPantryApplication/Info.plist;
				LD_RUNPATH_SEARCH_PATHS = "$(inherited) @executable_path/Frameworks";
				PRODUCT_BUNDLE_IDENTIFIER = com.BrandonBigelow.FoodPantryApplication;
				PRODUCT_NAME = "$(TARGET_NAME)";
				SWIFT_SWIFT3_OBJC_INFERENCE = Default;
				SWIFT_VERSION = 4.0;
			};
			name = Release;
		};
/* End XCBuildConfiguration section */

/* Begin XCConfigurationList section */
		53D13EFA1FBE7D8000441943 /* Build configuration list for PBXProject "FoodPantryApplication" */ = {
			isa = XCConfigurationList;
			buildConfigurations = (
				53D13F0F1FBE7D8000441943 /* Debug */,
				53D13F101FBE7D8000441943 /* Release */,
			);
			defaultConfigurationIsVisible = 0;
			defaultConfigurationName = Release;
		};
		53D13F111FBE7D8000441943 /* Build configuration list for PBXNativeTarget "FoodPantryApplication" */ = {
			isa = XCConfigurationList;
			buildConfigurations = (
				53D13F121FBE7D8000441943 /* Debug */,
				53D13F131FBE7D8000441943 /* Release */,
			);
			defaultConfigurationIsVisible = 0;
			defaultConfigurationName = Release;
		};
/* End XCConfigurationList section */
	};
	rootObject = 53D13EF71FBE7D8000441943 /* Project object */;
}
